
Microsoft Visual Studio Solution File, Format Version 12.00
# Visual Studio Version 17
VisualStudioVersion = 17.0.31903.59
MinimumVisualStudioVersion = 10.0.40219.1
Project("{FAE04EC0-301F-11D3-BF4B-00C04F79EFBC}") = "AurigaRobotControl.Core", "AurigaRobotControl.Core\AurigaRobotControl.Core.csproj", "{72575CF8-FB79-4B07-BCC0-95A12D52422A}"
EndProject
Project("{FAE04EC0-301F-11D3-BF4B-00C04F79EFBC}") = "AurigaRobotControl.Data", "AurigaRobotControl.Data\AurigaRobotControl.Data.csproj", "{30FD4837-D42B-4557-B77E-02EB4399936B}"
EndProject
Project("{FAE04EC0-301F-11D3-BF4B-00C04F79EFBC}") = "AurigaRobotControl.UI.Wpf", "AurigaRobotControl.UI.Wpf\AurigaRobotControl.UI.Wpf.csproj", "{62ACD278-6CAA-49F5-8A1B-041D4FE42D3E}"
EndProject
Global
	GlobalSection(SolutionConfigurationPlatforms) = preSolution
		Debug|Any CPU = Debug|Any CPU
		Debug|x64 = Debug|x64
		Debug|x86 = Debug|x86
		Release|Any CPU = Release|Any CPU
		Release|x64 = Release|x64
		Release|x86 = Release|x86
	EndGlobalSection
	GlobalSection(ProjectConfigurationPlatforms) = postSolution
		{72575CF8-FB79-4B07-BCC0-95A12D52422A}.Debug|Any CPU.ActiveCfg = Debug|Any CPU
		{72575CF8-FB79-4B07-BCC0-95A12D52422A}.Debug|Any CPU.Build.0 = Debug|Any CPU
		{72575CF8-FB79-4B07-BCC0-95A12D52422A}.Debug|x64.ActiveCfg = Debug|Any CPU
		{72575CF8-FB79-4B07-BCC0-95A12D52422A}.Debug|x64.Build.0 = Debug|Any CPU
		{72575CF8-FB79-4B07-BCC0-95A12D52422A}.Debug|x86.ActiveCfg = Debug|Any CPU
		{72575CF8-FB79-4B07-BCC0-95A12D52422A}.Debug|x86.Build.0 = Debug|Any CPU
		{72575CF8-FB79-4B07-BCC0-95A12D52422A}.Release|Any CPU.ActiveCfg = Release|Any CPU
		{72575CF8-FB79-4B07-BCC0-95A12D52422A}.Release|Any CPU.Build.0 = Release|Any CPU
		{72575CF8-FB79-4B07-BCC0-95A12D52422A}.Release|x64.ActiveCfg = Release|Any CPU
		{72575CF8-FB79-4B07-BCC0-95A12D52422A}.Release|x64.Build.0 = Release|Any CPU
		{72575CF8-FB79-4B07-BCC0-95A12D52422A}.Release|x86.ActiveCfg = Release|Any CPU
		{72575CF8-FB79-4B07-BCC0-95A12D52422A}.Release|x86.Build.0 = Release|Any CPU
		{30FD4837-D42B-4557-B77E-02EB4399936B}.Debug|Any CPU.ActiveCfg = Debug|Any CPU
		{30FD4837-D42B-4557-B77E-02EB4399936B}.Debug|Any CPU.Build.0 = Debug|Any CPU
		{30FD4837-D42B-4557-B77E-02EB4399936B}.Debug|x64.ActiveCfg = Debug|Any CPU
		{30FD4837-D42B-4557-B77E-02EB4399936B}.Debug|x64.Build.0 = Debug|Any CPU
		{30FD4837-D42B-4557-B77E-02EB4399936B}.Debug|x86.ActiveCfg = Debug|Any CPU
		{30FD4837-D42B-4557-B77E-02EB4399936B}.Debug|x86.Build.0 = Debug|Any CPU
		{30FD4837-D42B-4557-B77E-02EB4399936B}.Release|Any CPU.ActiveCfg = Release|Any CPU
		{30FD4837-D42B-4557-B77E-02EB4399936B}.Release|Any CPU.Build.0 = Release|Any CPU
		{30FD4837-D42B-4557-B77E-02EB4399936B}.Release|x64.ActiveCfg = Release|Any CPU
		{30FD4837-D42B-4557-B77E-02EB4399936B}.Release|x64.Build.0 = Release|Any CPU
		{30FD4837-D42B-4557-B77E-02EB4399936B}.Release|x86.ActiveCfg = Release|Any CPU
		{30FD4837-D42B-4557-B77E-02EB4399936B}.Release|x86.Build.0 = Release|Any CPU
		{62ACD278-6CAA-49F5-8A1B-041D4FE42D3E}.Debug|Any CPU.ActiveCfg = Debug|Any CPU
		{62ACD278-6CAA-49F5-8A1B-041D4FE42D3E}.Debug|Any CPU.Build.0 = Debug|Any CPU
		{62ACD278-6CAA-49F5-8A1B-041D4FE42D3E}.Debug|x64.ActiveCfg = Debug|Any CPU
		{62ACD278-6CAA-49F5-8A1B-041D4FE42D3E}.Debug|x64.Build.0 = Debug|Any CPU
		{62ACD278-6CAA-49F5-8A1B-041D4FE42D3E}.Debug|x86.ActiveCfg = Debug|Any CPU
		{62ACD278-6CAA-49F5-8A1B-041D4FE42D3E}.Debug|x86.Build.0 = Debug|Any CPU
		{62ACD278-6CAA-49F5-8A1B-041D4FE42D3E}.Release|Any CPU.ActiveCfg = Release|Any CPU
		{62ACD278-6CAA-49F5-8A1B-041D4FE42D3E}.Release|Any CPU.Build.0 = Release|Any CPU
		{62ACD278-6CAA-49F5-8A1B-041D4FE42D3E}.Release|x64.ActiveCfg = Release|Any CPU
		{62ACD278-6CAA-49F5-8A1B-041D4FE42D3E}.Release|x64.Build.0 = Release|Any CPU
		{62ACD278-6CAA-49F5-8A1B-041D4FE42D3E}.Release|x86.ActiveCfg = Release|Any CPU
		{62ACD278-6CAA-49F5-8A1B-041D4FE42D3E}.Release|x86.Build.0 = Release|Any CPU
	EndGlobalSection
	GlobalSection(SolutionProperties) = preSolution
		HideSolutionNode = FALSE
	EndGlobalSection
EndGlobal
